<Solution>
  <Project Path="LeetCode50sqlSolutions/LeetCode50sqlSolutions.csproj" Id="39f40b19-9f28-47f1-ac41-e404424ec17d" />
  <Project Path="LeetCodeArraySolutions/LeetCodeArraySolutions.csproj" />
  <Project Path="LeetCodeBinarySearchSolutions/LeetCodeBinarySearchSolutions.csproj" />
  <Project Path="LeetCodeHashTableSolutions/LeetCodeHashTableSolutions.csproj" />
  <Project Path="LeetCodeLinkedListSolutions/LeetCodeLinkedListSolutions.csproj" />
  <Project Path="LeetCodePrefixSuffixSolutions/LeetCodePrefixSuffixSolutions.csproj" />
  <Project Path="LeetCodeStackQueueSolutions/LeetCodeStackQueueSolutions.csproj" />
  <Project Path="LeetCodeTwoPointersSolutions/LeetCodeTwoPointersSolutions.csproj" />
</Solution>
